
Microsoft Visual Studio Solution File, Format Version 12.00
# Visual Studio Version 16
VisualStudioVersion = 16.0.31025.194
MinimumVisualStudioVersion = 10.0.40219.1
Project("{9A19103F-16F7-4668-BE54-9A1E7A4F7556}") = "PrePass", "PrePass.csproj", "{80A03C3E-52EC-4DF4-BCFF-F2F3B5969D59}"
EndProject
Project("{FAE04EC0-301F-11D3-BF4B-00C04F79EFBC}") = "PrePassTests", "..\PrePassTests\PrePassTests.csproj", "{64F3E038-9495-4C97-9BF3-F137386F1763}"
EndProject
Global
	GlobalSection(SolutionConfigurationPlatforms) = preSolution
		Debug|Any CPU = Debug|Any CPU
		Release|Any CPU = Release|Any CPU
	EndGlobalSection
	GlobalSection(ProjectConfigurationPlatforms) = postSolution
		{80A03C3E-52EC-4DF4-BCFF-F2F3B5969D59}.Debug|Any CPU.ActiveCfg = Debug|Any CPU
		{80A03C3E-52EC-4DF4-BCFF-F2F3B5969D59}.Debug|Any CPU.Build.0 = Debug|Any CPU
		{80A03C3E-52EC-4DF4-BCFF-F2F3B5969D59}.Release|Any CPU.ActiveCfg = Release|Any CPU
		{80A03C3E-52EC-4DF4-BCFF-F2F3B5969D59}.Release|Any CPU.Build.0 = Release|Any CPU
		{64F3E038-9495-4C97-9BF3-F137386F1763}.Debug|Any CPU.ActiveCfg = Debug|Any CPU
		{64F3E038-9495-4C97-9BF3-F137386F1763}.Debug|Any CPU.Build.0 = Debug|Any CPU
		{64F3E038-9495-4C97-9BF3-F137386F1763}.Release|Any CPU.ActiveCfg = Release|Any CPU
		{64F3E038-9495-4C97-9BF3-F137386F1763}.Release|Any CPU.Build.0 = Release|Any CPU
	EndGlobalSection
	GlobalSection(SolutionProperties) = preSolution
		HideSolutionNode = FALSE
	EndGlobalSection
	GlobalSection(ExtensibilityGlobals) = postSolution
		SolutionGuid = {CFB362E2-A5E4-4957-A02B-44F9E93FECD0}
	EndGlobalSection
EndGlobal
